// !$*UTF8*$!
{
	archiveVersion = 1;
	classes = {
	};
	objectVersion = 55;
	objects = {

/* Begin PBXBuildFile section */
		2259F328F00EC624E15723A1 /* Pods_Flix_FlixUITests.framework in Frameworks */ = {isa = PBXBuildFile; fileRef = A667351B6264C06904E79227 /* Pods_Flix_FlixUITests.framework */; };
		4FF65BD0D553E9A96F3F7605 /* Pods_FlixTests.framework in Frameworks */ = {isa = PBXBuildFile; fileRef = 9235AF51CD183FAB45E15B40 /* Pods_FlixTests.framework */; };
		756151EA27C99CC90095FB27 /* AppDelegate.swift in Sources */ = {isa = PBXBuildFile; fileRef = 756151E927C99CC90095FB27 /* AppDelegate.swift */; };
		756151EC27C99CC90095FB27 /* SceneDelegate.swift in Sources */ = {isa = PBXBuildFile; fileRef = 756151EB27C99CC90095FB27 /* SceneDelegate.swift */; };
		756151F127C99CC90095FB27 /* Main.storyboard in Resources */ = {isa = PBXBuildFile; fileRef = 756151EF27C99CC90095FB27 /* Main.storyboard */; };
		756151F327C99CCE0095FB27 /* Assets.xcassets in Resources */ = {isa = PBXBuildFile; fileRef = 756151F227C99CCE0095FB27 /* Assets.xcassets */; };
		756151F627C99CCE0095FB27 /* LaunchScreen.storyboard in Resources */ = {isa = PBXBuildFile; fileRef = 756151F427C99CCE0095FB27 /* LaunchScreen.storyboard */; };
		7561520127C99CD00095FB27 /* FlixTests.swift in Sources */ = {isa = PBXBuildFile; fileRef = 7561520027C99CD00095FB27 /* FlixTests.swift */; };
		7561520B27C99CD00095FB27 /* FlixUITests.swift in Sources */ = {isa = PBXBuildFile; fileRef = 7561520A27C99CD00095FB27 /* FlixUITests.swift */; };
		7561520D27C99CD00095FB27 /* FlixUITestsLaunchTests.swift in Sources */ = {isa = PBXBuildFile; fileRef = 7561520C27C99CD00095FB27 /* FlixUITestsLaunchTests.swift */; };
		756D0D8427C9AEC6002018E3 /* MoviesViewController.swift in Sources */ = {isa = PBXBuildFile; fileRef = 756D0D8327C9AEC6002018E3 /* MoviesViewController.swift */; };
		756D0D8627C9BB7F002018E3 /* MovieCell.swift in Sources */ = {isa = PBXBuildFile; fileRef = 756D0D8527C9BB7F002018E3 /* MovieCell.swift */; };
		75BAEBDF27C9FB33002B7506 /* AlamofireImage in Frameworks */ = {isa = PBXBuildFile; productRef = 75BAEBDE27C9FB33002B7506 /* AlamofireImage */; };
		75C005E227D33C3900E8BEFA /* MovieDetailsViewController.swift in Sources */ = {isa = PBXBuildFile; fileRef = 75C005E127D33C3800E8BEFA /* MovieDetailsViewController.swift */; };
		75EAB72127D5CFCC00EAB77F /* MovieGridViewController.swift in Sources */ = {isa = PBXBuildFile; fileRef = 75EAB72027D5CFCB00EAB77F /* MovieGridViewController.swift */; };
		75EAB72327D5D77700EAB77F /* MovieGridCell.swift in Sources */ = {isa = PBXBuildFile; fileRef = 75EAB72227D5D77700EAB77F /* MovieGridCell.swift */; };
		7C78E058B46DC9E5DBCC4BE2 /* Pods_Flix.framework in Frameworks */ = {isa = PBXBuildFile; fileRef = 956FA06884106657837D7FD7 /* Pods_Flix.framework */; };
/* End PBXBuildFile section */

/* Begin PBXContainerItemProxy section */
		756151FD27C99CD00095FB27 /* PBXContainerItemProxy */ = {
			isa = PBXContainerItemProxy;
			containerPortal = 756151DE27C99CC90095FB27 /* Project object */;
			proxyType = 1;
			remoteGlobalIDString = 756151E527C99CC90095FB27;
			remoteInfo = Flix;
		};
		7561520727C99CD00095FB27 /* PBXContainerItemProxy */ = {
			isa = PBXContainerItemProxy;
			containerPortal = 756151DE27C99CC90095FB27 /* Project object */;
			proxyType = 1;
			remoteGlobalIDString = 756151E527C99CC90095FB27;
			remoteInfo = Flix;
		};
/* End PBXContainerItemProxy section */

/* Begin PBXFileReference section */
		2B4BD73A0B8DCE7C0775261C /* Pods-Flix.debug.xcconfig */ = {isa = PBXFileReference; includeInIndex = 1; lastKnownFileType = text.xcconfig; name = "Pods-Flix.debug.xcconfig"; path = "Target Support Files/Pods-Flix/Pods-Flix.debug.xcconfig"; sourceTree = "<group>"; };
		3FB60971C418CF987AA4B8F7 /* Pods-FlixTests.release.xcconfig */ = {isa = PBXFileReference; includeInIndex = 1; lastKnownFileType = text.xcconfig; name = "Pods-FlixTests.release.xcconfig"; path = "Target Support Files/Pods-FlixTests/Pods-FlixTests.release.xcconfig"; sourceTree = "<group>"; };
		756151E627C99CC90095FB27 /* Flix.app */ = {isa = PBXFileReference; explicitFileType = wrapper.application; includeInIndex = 0; path = Flix.app; sourceTree = BUILT_PRODUCTS_DIR; };
		756151E927C99CC90095FB27 /* AppDelegate.swift */ = {isa = PBXFileReference; lastKnownFileType = sourcecode.swift; path = AppDelegate.swift; sourceTree = "<group>"; };
		756151EB27C99CC90095FB27 /* SceneDelegate.swift */ = {isa = PBXFileReference; lastKnownFileType = sourcecode.swift; path = SceneDelegate.swift; sourceTree = "<group>"; };
		756151F027C99CC90095FB27 /* Base */ = {isa = PBXFileReference; lastKnownFileType = file.storyboard; name = Base; path = Base.lproj/Main.storyboard; sourceTree = "<group>"; };
		756151F227C99CCE0095FB27 /* Assets.xcassets */ = {isa = PBXFileReference; lastKnownFileType = folder.assetcatalog; path = Assets.xcassets; sourceTree = "<group>"; };
		756151F527C99CCE0095FB27 /* Base */ = {isa = PBXFileReference; lastKnownFileType = file.storyboard; name = Base; path = Base.lproj/LaunchScreen.storyboard; sourceTree = "<group>"; };
		756151F727C99CCE0095FB27 /* Info.plist */ = {isa = PBXFileReference; lastKnownFileType = text.plist.xml; path = Info.plist; sourceTree = "<group>"; };
		756151FC27C99CD00095FB27 /* FlixTests.xctest */ = {isa = PBXFileReference; explicitFileType = wrapper.cfbundle; includeInIndex = 0; path = FlixTests.xctest; sourceTree = BUILT_PRODUCTS_DIR; };
		7561520027C99CD00095FB27 /* FlixTests.swift */ = {isa = PBXFileReference; lastKnownFileType = sourcecode.swift; path = FlixTests.swift; sourceTree = "<group>"; };
		7561520627C99CD00095FB27 /* FlixUITests.xctest */ = {isa = PBXFileReference; explicitFileType = wrapper.cfbundle; includeInIndex = 0; path = FlixUITests.xctest; sourceTree = BUILT_PRODUCTS_DIR; };
		7561520A27C99CD00095FB27 /* FlixUITests.swift */ = {isa = PBXFileReference; lastKnownFileType = sourcecode.swift; path = FlixUITests.swift; sourceTree = "<group>"; };
		7561520C27C99CD00095FB27 /* FlixUITestsLaunchTests.swift */ = {isa = PBXFileReference; lastKnownFileType = sourcecode.swift; path = FlixUITestsLaunchTests.swift; sourceTree = "<group>"; };
		756D0D8327C9AEC6002018E3 /* MoviesViewController.swift */ = {isa = PBXFileReference; lastKnownFileType = sourcecode.swift; path = MoviesViewController.swift; sourceTree = "<group>"; };
		756D0D8527C9BB7F002018E3 /* MovieCell.swift */ = {isa = PBXFileReference; lastKnownFileType = sourcecode.swift; path = MovieCell.swift; sourceTree = "<group>"; };
		75C005E127D33C3800E8BEFA /* MovieDetailsViewController.swift */ = {isa = PBXFileReference; lastKnownFileType = sourcecode.swift; path = MovieDetailsViewController.swift; sourceTree = "<group>"; };
		75EAB72027D5CFCB00EAB77F /* MovieGridViewController.swift */ = {isa = PBXFileReference; lastKnownFileType = sourcecode.swift; path = MovieGridViewController.swift; sourceTree = "<group>"; };
		75EAB72227D5D77700EAB77F /* MovieGridCell.swift */ = {isa = PBXFileReference; lastKnownFileType = sourcecode.swift; path = MovieGridCell.swift; sourceTree = "<group>"; };
		7D7C7C78361CB6F1118D504E /* Pods-Flix-FlixUITests.release.xcconfig */ = {isa = PBXFileReference; includeInIndex = 1; lastKnownFileType = text.xcconfig; name = "Pods-Flix-FlixUITests.release.xcconfig"; path = "Target Support Files/Pods-Flix-FlixUITests/Pods-Flix-FlixUITests.release.xcconfig"; sourceTree = "<group>"; };
		8385D3D7B13B095FB961BE3D /* Pods-Flix.release.xcconfig */ = {isa = PBXFileReference; includeInIndex = 1; lastKnownFileType = text.xcconfig; name = "Pods-Flix.release.xcconfig"; path = "Target Support Files/Pods-Flix/Pods-Flix.release.xcconfig"; sourceTree = "<group>"; };
		9235AF51CD183FAB45E15B40 /* Pods_FlixTests.framework */ = {isa = PBXFileReference; explicitFileType = wrapper.framework; includeInIndex = 0; path = Pods_FlixTests.framework; sourceTree = BUILT_PRODUCTS_DIR; };
		956FA06884106657837D7FD7 /* Pods_Flix.framework */ = {isa = PBXFileReference; explicitFileType = wrapper.framework; includeInIndex = 0; path = Pods_Flix.framework; sourceTree = BUILT_PRODUCTS_DIR; };
		A667351B6264C06904E79227 /* Pods_Flix_FlixUITests.framework */ = {isa = PBXFileReference; explicitFileType = wrapper.framework; includeInIndex = 0; path = Pods_Flix_FlixUITests.framework; sourceTree = BUILT_PRODUCTS_DIR; };
		AC4FE496EA065E0FBF7804D7 /* Pods-Flix-FlixUITests.debug.xcconfig */ = {isa = PBXFileReference; includeInIndex = 1; lastKnownFileType = text.xcconfig; name = "Pods-Flix-FlixUITests.debug.xcconfig"; path = "Target Support Files/Pods-Flix-FlixUITests/Pods-Flix-FlixUITests.debug.xcconfig"; sourceTree = "<group>"; };
		BA8CE70309981FFF0D87F260 /* Pods-FlixTests.debug.xcconfig */ = {isa = PBXFileReference; includeInIndex = 1; lastKnownFileType = text.xcconfig; name = "Pods-FlixTests.debug.xcconfig"; path = "Target Support Files/Pods-FlixTests/Pods-FlixTests.debug.xcconfig"; sourceTree = "<group>"; };
/* End PBXFileReference section */

/* Begin PBXFrameworksBuildPhase section */
		756151E327C99CC90095FB27 /* Frameworks */ = {
			isa = PBXFrameworksBuildPhase;
			buildActionMask = 2147483647;
			files = (
				75BAEBDF27C9FB33002B7506 /* AlamofireImage in Frameworks */,
				7C78E058B46DC9E5DBCC4BE2 /* Pods_Flix.framework in Frameworks */,
			);
			runOnlyForDeploymentPostprocessing = 0;
		};
		756151F927C99CD00095FB27 /* Frameworks */ = {
			isa = PBXFrameworksBuildPhase;
			buildActionMask = 2147483647;
			files = (
				4FF65BD0D553E9A96F3F7605 /* Pods_FlixTests.framework in Frameworks */,
			);
			runOnlyForDeploymentPostprocessing = 0;
		};
		7561520327C99CD00095FB27 /* Frameworks */ = {
			isa = PBXFrameworksBuildPhase;
			buildActionMask = 2147483647;
			files = (
				2259F328F00EC624E15723A1 /* Pods_Flix_FlixUITests.framework in Frameworks */,
			);
			runOnlyForDeploymentPostprocessing = 0;
		};
/* End PBXFrameworksBuildPhase section */

/* Begin PBXGroup section */
		756151DD27C99CC90095FB27 = {
			isa = PBXGroup;
			children = (
				756151E827C99CC90095FB27 /* Flix */,
				756151FF27C99CD00095FB27 /* FlixTests */,
				7561520927C99CD00095FB27 /* FlixUITests */,
				756151E727C99CC90095FB27 /* Products */,
				821CC5F0B4653B433E955614 /* Pods */,
				819B9B5E25534FA874175F68 /* Frameworks */,
			);
			sourceTree = "<group>";
		};
		756151E727C99CC90095FB27 /* Products */ = {
			isa = PBXGroup;
			children = (
				756151E627C99CC90095FB27 /* Flix.app */,
				756151FC27C99CD00095FB27 /* FlixTests.xctest */,
				7561520627C99CD00095FB27 /* FlixUITests.xctest */,
			);
			name = Products;
			sourceTree = "<group>";
		};
		756151E827C99CC90095FB27 /* Flix */ = {
			isa = PBXGroup;
			children = (
				756151E927C99CC90095FB27 /* AppDelegate.swift */,
				756151EB27C99CC90095FB27 /* SceneDelegate.swift */,
				75C005E127D33C3800E8BEFA /* MovieDetailsViewController.swift */,
				756D0D8327C9AEC6002018E3 /* MoviesViewController.swift */,
				756151EF27C99CC90095FB27 /* Main.storyboard */,
				75EAB72227D5D77700EAB77F /* MovieGridCell.swift */,
				75EAB72027D5CFCB00EAB77F /* MovieGridViewController.swift */,
				756151F227C99CCE0095FB27 /* Assets.xcassets */,
				756151F427C99CCE0095FB27 /* LaunchScreen.storyboard */,
				756151F727C99CCE0095FB27 /* Info.plist */,
				756D0D8527C9BB7F002018E3 /* MovieCell.swift */,
			);
			path = Flix;
			sourceTree = "<group>";
		};
		756151FF27C99CD00095FB27 /* FlixTests */ = {
			isa = PBXGroup;
			children = (
				7561520027C99CD00095FB27 /* FlixTests.swift */,
			);
			path = FlixTests;
			sourceTree = "<group>";
		};
		7561520927C99CD00095FB27 /* FlixUITests */ = {
			isa = PBXGroup;
			children = (
				7561520A27C99CD00095FB27 /* FlixUITests.swift */,
				7561520C27C99CD00095FB27 /* FlixUITestsLaunchTests.swift */,
			);
			path = FlixUITests;
			sourceTree = "<group>";
		};
		819B9B5E25534FA874175F68 /* Frameworks */ = {
			isa = PBXGroup;
			children = (
				956FA06884106657837D7FD7 /* Pods_Flix.framework */,
				A667351B6264C06904E79227 /* Pods_Flix_FlixUITests.framework */,
				9235AF51CD183FAB45E15B40 /* Pods_FlixTests.framework */,
			);
			name = Frameworks;
			sourceTree = "<group>";
		};
		821CC5F0B4653B433E955614 /* Pods */ = {
			isa = PBXGroup;
			children = (
				2B4BD73A0B8DCE7C0775261C /* Pods-Flix.debug.xcconfig */,
				8385D3D7B13B095FB961BE3D /* Pods-Flix.release.xcconfig */,
				AC4FE496EA065E0FBF7804D7 /* Pods-Flix-FlixUITests.debug.xcconfig */,
				7D7C7C78361CB6F1118D504E /* Pods-Flix-FlixUITests.release.xcconfig */,
				BA8CE70309981FFF0D87F260 /* Pods-FlixTests.debug.xcconfig */,
				3FB60971C418CF987AA4B8F7 /* Pods-FlixTests.release.xcconfig */,
			);
			path = Pods;
			sourceTree = "<group>";
		};
/* End PBXGroup section */

/* Begin PBXNativeTarget section */
		756151E527C99CC90095FB27 /* Flix */ = {
			isa = PBXNativeTarget;
			buildConfigurationList = 7561521027C99CD00095FB27 /* Build configuration list for PBXNativeTarget "Flix" */;
			buildPhases = (
				BA017A2E33D440C586975D96 /* [CP] Check Pods Manifest.lock */,
				756151E227C99CC90095FB27 /* Sources */,
				756151E327C99CC90095FB27 /* Frameworks */,
				756151E427C99CC90095FB27 /* Resources */,
				9A45FB90A8779537A2EA087F /* [CP] Embed Pods Frameworks */,
			);
			buildRules = (
			);
			dependencies = (
			);
			name = Flix;
			packageProductDependencies = (
				75BAEBDE27C9FB33002B7506 /* AlamofireImage */,
			);
			productName = Flix;
			productReference = 756151E627C99CC90095FB27 /* Flix.app */;
			productType = "com.apple.product-type.application";
		};
		756151FB27C99CD00095FB27 /* FlixTests */ = {
			isa = PBXNativeTarget;
			buildConfigurationList = 7561521327C99CD00095FB27 /* Build configuration list for PBXNativeTarget "FlixTests" */;
			buildPhases = (
				F5B31411E2479A253AD37F10 /* [CP] Check Pods Manifest.lock */,
				756151F827C99CD00095FB27 /* Sources */,
				756151F927C99CD00095FB27 /* Frameworks */,
				756151FA27C99CD00095FB27 /* Resources */,
			);
			buildRules = (
			);
			dependencies = (
				756151FE27C99CD00095FB27 /* PBXTargetDependency */,
			);
			name = FlixTests;
			productName = FlixTests;
			productReference = 756151FC27C99CD00095FB27 /* FlixTests.xctest */;
			productType = "com.apple.product-type.bundle.unit-test";
		};
		7561520527C99CD00095FB27 /* FlixUITests */ = {
			isa = PBXNativeTarget;
			buildConfigurationList = 7561521627C99CD00095FB27 /* Build configuration list for PBXNativeTarget "FlixUITests" */;
			buildPhases = (
				8C5101CF09CCEC253D279887 /* [CP] Check Pods Manifest.lock */,
				7561520227C99CD00095FB27 /* Sources */,
				7561520327C99CD00095FB27 /* Frameworks */,
				7561520427C99CD00095FB27 /* Resources */,
				241E3880CECCCA1FCF8491FF /* [CP] Embed Pods Frameworks */,
			);
			buildRules = (
			);
			dependencies = (
				7561520827C99CD00095FB27 /* PBXTargetDependency */,
			);
			name = FlixUITests;
			productName = FlixUITests;
			productReference = 7561520627C99CD00095FB27 /* FlixUITests.xctest */;
			productType = "com.apple.product-type.bundle.ui-testing";
		};
/* End PBXNativeTarget section */

/* Begin PBXProject section */
		756151DE27C99CC90095FB27 /* Project object */ = {
			isa = PBXProject;
			attributes = {
				BuildIndependentTargetsInParallel = 1;
				LastSwiftUpdateCheck = 1320;
				LastUpgradeCheck = 1320;
				TargetAttributes = {
					756151E527C99CC90095FB27 = {
						CreatedOnToolsVersion = 13.2.1;
					};
					756151FB27C99CD00095FB27 = {
						CreatedOnToolsVersion = 13.2.1;
						TestTargetID = 756151E527C99CC90095FB27;
					};
					7561520527C99CD00095FB27 = {
						CreatedOnToolsVersion = 13.2.1;
						TestTargetID = 756151E527C99CC90095FB27;
					};
				};
			};
			buildConfigurationList = 756151E127C99CC90095FB27 /* Build configuration list for PBXProject "Flix" */;
			compatibilityVersion = "Xcode 13.0";
			developmentRegion = en;
			hasScannedForEncodings = 0;
			knownRegions = (
				en,
				Base,
			);
			mainGroup = 756151DD27C99CC90095FB27;
			packageReferences = (
				75BAEBDD27C9FB33002B7506 /* XCRemoteSwiftPackageReference "AlamofireImage" */,
			);
			productRefGroup = 756151E727C99CC90095FB27 /* Products */;
			projectDirPath = "";
			projectRoot = "";
			targets = (
				756151E527C99CC90095FB27 /* Flix */,
				756151FB27C99CD00095FB27 /* FlixTests */,
				7561520527C99CD00095FB27 /* FlixUITests */,
			);
		};
/* End PBXProject section */

/* Begin PBXResourcesBuildPhase section */
		756151E427C99CC90095FB27 /* Resources */ = {
			isa = PBXResourcesBuildPhase;
			buildActionMask = 2147483647;
			files = (
				756151F627C99CCE0095FB27 /* LaunchScreen.storyboard in Resources */,
				756151F327C99CCE0095FB27 /* Assets.xcassets in Resources */,
				756151F127C99CC90095FB27 /* Main.storyboard in Resources */,
			);
			runOnlyForDeploymentPostprocessing = 0;
		};
		756151FA27C99CD00095FB27 /* Resources */ = {
			isa = PBXResourcesBuildPhase;
			buildActionMask = 2147483647;
			files = (
			);
			runOnlyForDeploymentPostprocessing = 0;
		};
		7561520427C99CD00095FB27 /* Resources */ = {
			isa = PBXResourcesBuildPhase;
			buildActionMask = 2147483647;
			files = (
			);
			runOnlyForDeploymentPostprocessing = 0;
		};
/* End PBXResourcesBuildPhase section */

/* Begin PBXShellScriptBuildPhase section */
		241E3880CECCCA1FCF8491FF /* [CP] Embed Pods Frameworks */ = {
			isa = PBXShellScriptBuildPhase;
			buildActionMask = 2147483647;
			files = (
			);
			inputFileListPaths = (
				"${PODS_ROOT}/Target Support Files/Pods-Flix-FlixUITests/Pods-Flix-FlixUITests-frameworks-${CONFIGURATION}-input-files.xcfilelist",
			);
			name = "[CP] Embed Pods Frameworks";
			outputFileListPaths = (
				"${PODS_ROOT}/Target Support Files/Pods-Flix-FlixUITests/Pods-Flix-FlixUITests-frameworks-${CONFIGURATION}-output-files.xcfilelist",
			);
			runOnlyForDeploymentPostprocessing = 0;
			shellPath = /bin/sh;
			shellScript = "\"${PODS_ROOT}/Target Support Files/Pods-Flix-FlixUITests/Pods-Flix-FlixUITests-frameworks.sh\"\n";
			showEnvVarsInLog = 0;
		};
		8C5101CF09CCEC253D279887 /* [CP] Check Pods Manifest.lock */ = {
			isa = PBXShellScriptBuildPhase;
			buildActionMask = 2147483647;
			files = (
			);
			inputFileListPaths = (
			);
			inputPaths = (
				"${PODS_PODFILE_DIR_PATH}/Podfile.lock",
				"${PODS_ROOT}/Manifest.lock",
			);
			name = "[CP] Check Pods Manifest.lock";
			outputFileListPaths = (
			);
			outputPaths = (
				"$(DERIVED_FILE_DIR)/Pods-Flix-FlixUITests-checkManifestLockResult.txt",
			);
			runOnlyForDeploymentPostprocessing = 0;
			shellPath = /bin/sh;
			shellScript = "diff \"${PODS_PODFILE_DIR_PATH}/Podfile.lock\" \"${PODS_ROOT}/Manifest.lock\" > /dev/null\nif [ $? != 0 ] ; then\n    # print error to STDERR\n    echo \"error: The sandbox is not in sync with the Podfile.lock. Run 'pod install' or update your CocoaPods installation.\" >&2\n    exit 1\nfi\n# This output is used by Xcode 'outputs' to avoid re-running this script phase.\necho \"SUCCESS\" > \"${SCRIPT_OUTPUT_FILE_0}\"\n";
			showEnvVarsInLog = 0;
		};
		9A45FB90A8779537A2EA087F /* [CP] Embed Pods Frameworks */ = {
			isa = PBXShellScriptBuildPhase;
			buildActionMask = 2147483647;
			files = (
			);
			inputFileListPaths = (
				"${PODS_ROOT}/Target Support Files/Pods-Flix/Pods-Flix-frameworks-${CONFIGURATION}-input-files.xcfilelist",
			);
			name = "[CP] Embed Pods Frameworks";
			outputFileListPaths = (
				"${PODS_ROOT}/Target Support Files/Pods-Flix/Pods-Flix-frameworks-${CONFIGURATION}-output-files.xcfilelist",
			);
			runOnlyForDeploymentPostprocessing = 0;
			shellPath = /bin/sh;
			shellScript = "\"${PODS_ROOT}/Target Support Files/Pods-Flix/Pods-Flix-frameworks.sh\"\n";
			showEnvVarsInLog = 0;
		};
		BA017A2E33D440C586975D96 /* [CP] Check Pods Manifest.lock */ = {
			isa = PBXShellScriptBuildPhase;
			buildActionMask = 2147483647;
			files = (
			);
			inputFileListPaths = (
			);
			inputPaths = (
				"${PODS_PODFILE_DIR_PATH}/Podfile.lock",
				"${PODS_ROOT}/Manifest.lock",
			);
			name = "[CP] Check Pods Manifest.lock";
			outputFileListPaths = (
			);
			outputPaths = (
				"$(DERIVED_FILE_DIR)/Pods-Flix-checkManifestLockResult.txt",
			);
			runOnlyForDeploymentPostprocessing = 0;
			shellPath = /bin/sh;
			shellScript = "diff \"${PODS_PODFILE_DIR_PATH}/Podfile.lock\" \"${PODS_ROOT}/Manifest.lock\" > /dev/null\nif [ $? != 0 ] ; then\n    # print error to STDERR\n    echo \"error: The sandbox is not in sync with the Podfile.lock. Run 'pod install' or update your CocoaPods installation.\" >&2\n    exit 1\nfi\n# This output is used by Xcode 'outputs' to avoid re-running this script phase.\necho \"SUCCESS\" > \"${SCRIPT_OUTPUT_FILE_0}\"\n";
			showEnvVarsInLog = 0;
		};
		F5B31411E2479A253AD37F10 /* [CP] Check Pods Manifest.lock */ = {
			isa = PBXShellScriptBuildPhase;
			buildActionMask = 2147483647;
			files = (
			);
			inputFileListPaths = (
			);
			inputPaths = (
				"${PODS_PODFILE_DIR_PATH}/Podfile.lock",
				"${PODS_ROOT}/Manifest.lock",
			);
			name = "[CP] Check Pods Manifest.lock";
			outputFileListPaths = (
			);
			outputPaths = (
				"$(DERIVED_FILE_DIR)/Pods-FlixTests-checkManifestLockResult.txt",
			);
			runOnlyForDeploymentPostprocessing = 0;
			shellPath = /bin/sh;
			shellScript = "diff \"${PODS_PODFILE_DIR_PATH}/Podfile.lock\" \"${PODS_ROOT}/Manifest.lock\" > /dev/null\nif [ $? != 0 ] ; then\n    # print error to STDERR\n    echo \"error: The sandbox is not in sync with the Podfile.lock. Run 'pod install' or update your CocoaPods installation.\" >&2\n    exit 1\nfi\n# This output is used by Xcode 'outputs' to avoid re-running this script phase.\necho \"SUCCESS\" > \"${SCRIPT_OUTPUT_FILE_0}\"\n";
			showEnvVarsInLog = 0;
		};
/* End PBXShellScriptBuildPhase section */

/* Begin PBXSourcesBuildPhase section */
		756151E227C99CC90095FB27 /* Sources */ = {
			isa = PBXSourcesBuildPhase;
			buildActionMask = 2147483647;
			files = (
				75C005E227D33C3900E8BEFA /* MovieDetailsViewController.swift in Sources */,
				756151EA27C99CC90095FB27 /* AppDelegate.swift in Sources */,
				756151EC27C99CC90095FB27 /* SceneDelegate.swift in Sources */,
				756D0D8627C9BB7F002018E3 /* MovieCell.swift in Sources */,
				756D0D8427C9AEC6002018E3 /* MoviesViewController.swift in Sources */,
				75EAB72127D5CFCC00EAB77F /* MovieGridViewController.swift in Sources */,
				75EAB72327D5D77700EAB77F /* MovieGridCell.swift in Sources */,
			);
			runOnlyForDeploymentPostprocessing = 0;
		};
		756151F827C99CD00095FB27 /* Sources */ = {
			isa = PBXSourcesBuildPhase;
			buildActionMask = 2147483647;
			files = (
				7561520127C99CD00095FB27 /* FlixTests.swift in Sources */,
			);
			runOnlyForDeploymentPostprocessing = 0;
		};
		7561520227C99CD00095FB27 /* Sources */ = {
			isa = PBXSourcesBuildPhase;
			buildActionMask = 2147483647;
			files = (
				7561520B27C99CD00095FB27 /* FlixUITests.swift in Sources */,
				7561520D27C99CD00095FB27 /* FlixUITestsLaunchTests.swift in Sources */,
			);
			runOnlyForDeploymentPostprocessing = 0;
		};
/* End PBXSourcesBuildPhase section */

/* Begin PBXTargetDependency section */
		756151FE27C99CD00095FB27 /* PBXTargetDependency */ = {
			isa = PBXTargetDependency;
			target = 756151E527C99CC90095FB27 /* Flix */;
			targetProxy = 756151FD27C99CD00095FB27 /* PBXContainerItemProxy */;
		};
		7561520827C99CD00095FB27 /* PBXTargetDependency */ = {
			isa = PBXTargetDependency;
			target = 756151E527C99CC90095FB27 /* Flix */;
			targetProxy = 7561520727C99CD00095FB27 /* PBXContainerItemProxy */;
		};
/* End PBXTargetDependency section */

/* Begin PBXVariantGroup section */
		756151EF27C99CC90095FB27 /* Main.storyboard */ = {
			isa = PBXVariantGroup;
			children = (
				756151F027C99CC90095FB27 /* Base */,
			);
			name = Main.storyboard;
			sourceTree = "<group>";
		};
		756151F427C99CCE0095FB27 /* LaunchScreen.storyboard */ = {
			isa = PBXVariantGroup;
			children = (
				756151F527C99CCE0095FB27 /* Base */,
			);
			name = LaunchScreen.storyboard;
			sourceTree = "<group>";
		};
/* End PBXVariantGroup section */

/* Begin XCBuildConfiguration section */
		7561520E27C99CD00095FB27 /* Debug */ = {
			isa = XCBuildConfiguration;
			buildSettings = {
				ALWAYS_SEARCH_USER_PATHS = NO;
				CLANG_ANALYZER_NONNULL = YES;
				CLANG_ANALYZER_NUMBER_OBJECT_CONVERSION = YES_AGGRESSIVE;
				CLANG_CXX_LANGUAGE_STANDARD = "gnu++17";
				CLANG_CXX_LIBRARY = "libc++";
				CLANG_ENABLE_MODULES = YES;
				CLANG_ENABLE_OBJC_ARC = YES;
				CLANG_ENABLE_OBJC_WEAK = YES;
				CLANG_WARN_BLOCK_CAPTURE_AUTORELEASING = YES;
				CLANG_WARN_BOOL_CONVERSION = YES;
				CLANG_WARN_COMMA = YES;
				CLANG_WARN_CONSTANT_CONVERSION = YES;
				CLANG_WARN_DEPRECATED_OBJC_IMPLEMENTATIONS = YES;
				CLANG_WARN_DIRECT_OBJC_ISA_USAGE = YES_ERROR;
				CLANG_WARN_DOCUMENTATION_COMMENTS = YES;
				CLANG_WARN_EMPTY_BODY = YES;
				CLANG_WARN_ENUM_CONVERSION = YES;
				CLANG_WARN_INFINITE_RECURSION = YES;
				CLANG_WARN_INT_CONVERSION = YES;
				CLANG_WARN_NON_LITERAL_NULL_CONVERSION = YES;
				CLANG_WARN_OBJC_IMPLICIT_RETAIN_SELF = YES;
				CLANG_WARN_OBJC_LITERAL_CONVERSION = YES;
				CLANG_WARN_OBJC_ROOT_CLASS = YES_ERROR;
				CLANG_WARN_QUOTED_INCLUDE_IN_FRAMEWORK_HEADER = YES;
				CLANG_WARN_RANGE_LOOP_ANALYSIS = YES;
				CLANG_WARN_STRICT_PROTOTYPES = YES;
				CLANG_WARN_SUSPICIOUS_MOVE = YES;
				CLANG_WARN_UNGUARDED_AVAILABILITY = YES_AGGRESSIVE;
				CLANG_WARN_UNREACHABLE_CODE = YES;
				CLANG_WARN__DUPLICATE_METHOD_MATCH = YES;
				COPY_PHASE_STRIP = NO;
				DEBUG_INFORMATION_FORMAT = dwarf;
				ENABLE_STRICT_OBJC_MSGSEND = YES;
				ENABLE_TESTABILITY = YES;
				GCC_C_LANGUAGE_STANDARD = gnu11;
				GCC_DYNAMIC_NO_PIC = NO;
				GCC_NO_COMMON_BLOCKS = YES;
				GCC_OPTIMIZATION_LEVEL = 0;
				GCC_PREPROCESSOR_DEFINITIONS = (
					"DEBUG=1",
					"$(inherited)",
				);
				GCC_WARN_64_TO_32_BIT_CONVERSION = YES;
				GCC_WARN_ABOUT_RETURN_TYPE = YES_ERROR;
				GCC_WARN_UNDECLARED_SELECTOR = YES;
				GCC_WARN_UNINITIALIZED_AUTOS = YES_AGGRESSIVE;
				GCC_WARN_UNUSED_FUNCTION = YES;
				GCC_WARN_UNUSED_VARIABLE = YES;
				IPHONEOS_DEPLOYMENT_TARGET = 15.2;
				MTL_ENABLE_DEBUG_INFO = INCLUDE_SOURCE;
				MTL_FAST_MATH = YES;
				ONLY_ACTIVE_ARCH = YES;
				SDKROOT = iphoneos;
				SWIFT_ACTIVE_COMPILATION_CONDITIONS = DEBUG;
				SWIFT_OPTIMIZATION_LEVEL = "-Onone";
			};
			name = Debug;
		};
		7561520F27C99CD00095FB27 /* Release */ = {
			isa = XCBuildConfiguration;
			buildSettings = {
				ALWAYS_SEARCH_USER_PATHS = NO;
				CLANG_ANALYZER_NONNULL = YES;
				CLANG_ANALYZER_NUMBER_OBJECT_CONVERSION = YES_AGGRESSIVE;
				CLANG_CXX_LANGUAGE_STANDARD = "gnu++17";
				CLANG_CXX_LIBRARY = "libc++";
				CLANG_ENABLE_MODULES = YES;
				CLANG_ENABLE_OBJC_ARC = YES;
				CLANG_ENABLE_OBJC_WEAK = YES;
				CLANG_WARN_BLOCK_CAPTURE_AUTORELEASING = YES;
				CLANG_WARN_BOOL_CONVERSION = YES;
				CLANG_WARN_COMMA = YES;
				CLANG_WARN_CONSTANT_CONVERSION = YES;
				CLANG_WARN_DEPRECATED_OBJC_IMPLEMENTATIONS = YES;
				CLANG_WARN_DIRECT_OBJC_ISA_USAGE = YES_ERROR;
				CLANG_WARN_DOCUMENTATION_COMMENTS = YES;
				CLANG_WARN_EMPTY_BODY = YES;
				CLANG_WARN_ENUM_CONVERSION = YES;
				CLANG_WARN_INFINITE_RECURSION = YES;
				CLANG_WARN_INT_CONVERSION = YES;
				CLANG_WARN_NON_LITERAL_NULL_CONVERSION = YES;
				CLANG_WARN_OBJC_IMPLICIT_RETAIN_SELF = YES;
				CLANG_WARN_OBJC_LITERAL_CONVERSION = YES;
				CLANG_WARN_OBJC_ROOT_CLASS = YES_ERROR;
				CLANG_WARN_QUOTED_INCLUDE_IN_FRAMEWORK_HEADER = YES;
				CLANG_WARN_RANGE_LOOP_ANALYSIS = YES;
				CLANG_WARN_STRICT_PROTOTYPES = YES;
				CLANG_WARN_SUSPICIOUS_MOVE = YES;
				CLANG_WARN_UNGUARDED_AVAILABILITY = YES_AGGRESSIVE;
				CLANG_WARN_UNREACHABLE_CODE = YES;
				CLANG_WARN__DUPLICATE_METHOD_MATCH = YES;
				COPY_PHASE_STRIP = NO;
				DEBUG_INFORMATION_FORMAT = "dwarf-with-dsym";
				ENABLE_NS_ASSERTIONS = NO;
				ENABLE_STRICT_OBJC_MSGSEND = YES;
				GCC_C_LANGUAGE_STANDARD = gnu11;
				GCC_NO_COMMON_BLOCKS = YES;
				GCC_WARN_64_TO_32_BIT_CONVERSION = YES;
				GCC_WARN_ABOUT_RETURN_TYPE = YES_ERROR;
				GCC_WARN_UNDECLARED_SELECTOR = YES;
				GCC_WARN_UNINITIALIZED_AUTOS = YES_AGGRESSIVE;
				GCC_WARN_UNUSED_FUNCTION = YES;
				GCC_WARN_UNUSED_VARIABLE = YES;
				IPHONEOS_DEPLOYMENT_TARGET = 15.2;
				MTL_ENABLE_DEBUG_INFO = NO;
				MTL_FAST_MATH = YES;
				SDKROOT = iphoneos;
				SWIFT_COMPILATION_MODE = wholemodule;
				SWIFT_OPTIMIZATION_LEVEL = "-O";
				VALIDATE_PRODUCT = YES;
			};
			name = Release;
		};
		7561521127C99CD00095FB27 /* Debug */ = {
			isa = XCBuildConfiguration;
			baseConfigurationReference = 2B4BD73A0B8DCE7C0775261C /* Pods-Flix.debug.xcconfig */;
			buildSettings = {
				ASSETCATALOG_COMPILER_APPICON_NAME = AppIcon;
				ASSETCATALOG_COMPILER_GLOBAL_ACCENT_COLOR_NAME = AccentColor;
				CODE_SIGN_STYLE = Automatic;
				CURRENT_PROJECT_VERSION = 1;
				GENERATE_INFOPLIST_FILE = YES;
				INFOPLIST_FILE = Flix/Info.plist;
				INFOPLIST_KEY_UIApplicationSupportsIndirectInputEvents = YES;
				INFOPLIST_KEY_UILaunchStoryboardName = LaunchScreen;
				INFOPLIST_KEY_UIMainStoryboardFile = Main;
				INFOPLIST_KEY_UISupportedInterfaceOrientations_iPad = "UIInterfaceOrientationPortrait UIInterfaceOrientationPortraitUpsideDown UIInterfaceOrientationLandscapeLeft UIInterfaceOrientationLandscapeRight";
				INFOPLIST_KEY_UISupportedInterfaceOrientations_iPhone = "UIInterfaceOrientationPortrait UIInterfaceOrientationLandscapeLeft UIInterfaceOrientationLandscapeRight";
				LD_RUNPATH_SEARCH_PATHS = (
					"$(inherited)",
					"@executable_path/Frameworks",
				);
				MARKETING_VERSION = 1.0;
				PRODUCT_BUNDLE_IDENTIFIER = CodePathAssignment.Flix;
				PRODUCT_NAME = "$(TARGET_NAME)";
				SWIFT_EMIT_LOC_STRINGS = YES;
				SWIFT_VERSION = 5.0;
				TARGETED_DEVICE_FAMILY = "1,2";
			};
			name = Debug;
		};
		7561521227C99CD00095FB27 /* Release */ = {
			isa = XCBuildConfiguration;
			baseConfigurationReference = 8385D3D7B13B095FB961BE3D /* Pods-Flix.release.xcconfig */;
			buildSettings = {
				ASSETCATALOG_COMPILER_APPICON_NAME = AppIcon;
				ASSETCATALOG_COMPILER_GLOBAL_ACCENT_COLOR_NAME = AccentColor;
				CODE_SIGN_STYLE = Automatic;
				CURRENT_PROJECT_VERSION = 1;
				GENERATE_INFOPLIST_FILE = YES;
				INFOPLIST_FILE = Flix/Info.plist;
				INFOPLIST_KEY_UIApplicationSupportsIndirectInputEvents = YES;
				INFOPLIST_KEY_UILaunchStoryboardName = LaunchScreen;
				INFOPLIST_KEY_UIMainStoryboardFile = Main;
				INFOPLIST_KEY_UISupportedInterfaceOrientations_iPad = "UIInterfaceOrientationPortrait UIInterfaceOrientationPortraitUpsideDown UIInterfaceOrientationLandscapeLeft UIInterfaceOrientationLandscapeRight";
				INFOPLIST_KEY_UISupportedInterfaceOrientations_iPhone = "UIInterfaceOrientationPortrait UIInterfaceOrientationLandscapeLeft UIInterfaceOrientationLandscapeRight";
				LD_RUNPATH_SEARCH_PATHS = (
					"$(inherited)",
					"@executable_path/Frameworks",
				);
				MARKETING_VERSION = 1.0;
				PRODUCT_BUNDLE_IDENTIFIER = CodePathAssignment.Flix;
				PRODUCT_NAME = "$(TARGET_NAME)";
				SWIFT_EMIT_LOC_STRINGS = YES;
				SWIFT_VERSION = 5.0;
				TARGETED_DEVICE_FAMILY = "1,2";
			};
			name = Release;
		};
		7561521427C99CD00095FB27 /* Debug */ = {
			isa = XCBuildConfiguration;
			baseConfigurationReference = BA8CE70309981FFF0D87F260 /* Pods-FlixTests.debug.xcconfig */;
			buildSettings = {
				ALWAYS_EMBED_SWIFT_STANDARD_LIBRARIES = YES;
				BUNDLE_LOADER = "$(TEST_HOST)";
				CODE_SIGN_STYLE = Automatic;
				CURRENT_PROJECT_VERSION = 1;
				GENERATE_INFOPLIST_FILE = YES;
				IPHONEOS_DEPLOYMENT_TARGET = 15.2;
				MARKETING_VERSION = 1.0;
				PRODUCT_BUNDLE_IDENTIFIER = CodePathAssignment.FlixTests;
				PRODUCT_NAME = "$(TARGET_NAME)";
				SWIFT_EMIT_LOC_STRINGS = NO;
				SWIFT_VERSION = 5.0;
				TARGETED_DEVICE_FAMILY = "1,2";
				TEST_HOST = "$(BUILT_PRODUCTS_DIR)/Flix.app/Flix";
			};
			name = Debug;
		};
		7561521527C99CD00095FB27 /* Release */ = {
			isa = XCBuildConfiguration;
			baseConfigurationReference = 3FB60971C418CF987AA4B8F7 /* Pods-FlixTests.release.xcconfig */;
			buildSettings = {
				ALWAYS_EMBED_SWIFT_STANDARD_LIBRARIES = YES;
				BUNDLE_LOADER = "$(TEST_HOST)";
				CODE_SIGN_STYLE = Automatic;
				CURRENT_PROJECT_VERSION = 1;
				GENERATE_INFOPLIST_FILE = YES;
				IPHONEOS_DEPLOYMENT_TARGET = 15.2;
				MARKETING_VERSION = 1.0;
				PRODUCT_BUNDLE_IDENTIFIER = CodePathAssignment.FlixTests;
				PRODUCT_NAME = "$(TARGET_NAME)";
				SWIFT_EMIT_LOC_STRINGS = NO;
				SWIFT_VERSION = 5.0;
				TARGETED_DEVICE_FAMILY = "1,2";
				TEST_HOST = "$(BUILT_PRODUCTS_DIR)/Flix.app/Flix";
			};
			name = Release;
		};
		7561521727C99CD00095FB27 /* Debug */ = {
			isa = XCBuildConfiguration;
			baseConfigurationReference = AC4FE496EA065E0FBF7804D7 /* Pods-Flix-FlixUITests.debug.xcconfig */;
			buildSettings = {
				ALWAYS_EMBED_SWIFT_STANDARD_LIBRARIES = YES;
				CODE_SIGN_STYLE = Automatic;
				CURRENT_PROJECT_VERSION = 1;
				GENERATE_INFOPLIST_FILE = YES;
				MARKETING_VERSION = 1.0;
				PRODUCT_BUNDLE_IDENTIFIER = CodePathAssignment.FlixUITests;
				PRODUCT_NAME = "$(TARGET_NAME)";
				SWIFT_EMIT_LOC_STRINGS = NO;
				SWIFT_VERSION = 5.0;
				TARGETED_DEVICE_FAMILY = "1,2";
				TEST_TARGET_NAME = Flix;
			};
			name = Debug;
		};
		7561521827C99CD00095FB27 /* Release */ = {
			isa = XCBuildConfiguration;
			baseConfigurationReference = 7D7C7C78361CB6F1118D504E /* Pods-Flix-FlixUITests.release.xcconfig */;
			buildSettings = {
				ALWAYS_EMBED_SWIFT_STANDARD_LIBRARIES = YES;
				CODE_SIGN_STYLE = Automatic;
				CURRENT_PROJECT_VERSION = 1;
				GENERATE_INFOPLIST_FILE = YES;
				MARKETING_VERSION = 1.0;
				PRODUCT_BUNDLE_IDENTIFIER = CodePathAssignment.FlixUITests;
				PRODUCT_NAME = "$(TARGET_NAME)";
				SWIFT_EMIT_LOC_STRINGS = NO;
				SWIFT_VERSION = 5.0;
				TARGETED_DEVICE_FAMILY = "1,2";
				TEST_TARGET_NAME = Flix;
			};
			name = Release;
		};
/* End XCBuildConfiguration section */

/* Begin XCConfigurationList section */
		756151E127C99CC90095FB27 /* Build configuration list for PBXProject "Flix" */ = {
			isa = XCConfigurationList;
			buildConfigurations = (
				7561520E27C99CD00095FB27 /* Debug */,
				7561520F27C99CD00095FB27 /* Release */,
			);
			defaultConfigurationIsVisible = 0;
			defaultConfigurationName = Release;
		};
		7561521027C99CD00095FB27 /* Build configuration list for PBXNativeTarget "Flix" */ = {
			isa = XCConfigurationList;
			buildConfigurations = (
				7561521127C99CD00095FB27 /* Debug */,
				7561521227C99CD00095FB27 /* Release */,
			);
			defaultConfigurationIsVisible = 0;
			defaultConfigurationName = Release;
		};
		7561521327C99CD00095FB27 /* Build configuration list for PBXNativeTarget "FlixTests" */ = {
			isa = XCConfigurationList;
			buildConfigurations = (
				7561521427C99CD00095FB27 /* Debug */,
				7561521527C99CD00095FB27 /* Release */,
			);
			defaultConfigurationIsVisible = 0;
			defaultConfigurationName = Release;
		};
		7561521627C99CD00095FB27 /* Build configuration list for PBXNativeTarget "FlixUITests" */ = {
			isa = XCConfigurationList;
			buildConfigurations = (
				7561521727C99CD00095FB27 /* Debug */,
				7561521827C99CD00095FB27 /* Release */,
			);
			defaultConfigurationIsVisible = 0;
			defaultConfigurationName = Release;
		};
/* End XCConfigurationList section */

/* Begin XCRemoteSwiftPackageReference section */
		75BAEBDD27C9FB33002B7506 /* XCRemoteSwiftPackageReference "AlamofireImage" */ = {
			isa = XCRemoteSwiftPackageReference;
			repositoryURL = "https://github.com/Alamofire/AlamofireImage";
			requirement = {
				kind = upToNextMajorVersion;
				minimumVersion = 4.0.0;
			};
		};
/* End XCRemoteSwiftPackageReference section */

/* Begin XCSwiftPackageProductDependency section */
		75BAEBDE27C9FB33002B7506 /* AlamofireImage */ = {
			isa = XCSwiftPackageProductDependency;
			package = 75BAEBDD27C9FB33002B7506 /* XCRemoteSwiftPackageReference "AlamofireImage" */;
			productName = AlamofireImage;
		};
/* End XCSwiftPackageProductDependency section */
	};
	rootObject = 756151DE27C99CC90095FB27 /* Project object */;
}
